
Microsoft Visual Studio Solution File, Format Version 12.00
# Visual Studio Version 17
VisualStudioVersion = 17.3.32825.248
MinimumVisualStudioVersion = 10.0.40219.1
Project("{FAE04EC0-301F-11D3-BF4B-00C04F79EFBC}") = "Flappy Bird Game", "Flappy Bird Game.csproj", "{5F8178CF-A3F0-4B20-A060-D2CDE8784D8B}"
EndProject
Global
	GlobalSection(SolutionConfigurationPlatforms) = preSolution
		Debug|Any CPU = Debug|Any CPU
		Release|Any CPU = Release|Any CPU
	EndGlobalSection
	GlobalSection(ProjectConfigurationPlatforms) = postSolution
		{5F8178CF-A3F0-4B20-A060-D2CDE8784D8B}.Debug|Any CPU.ActiveCfg = Debug|Any CPU
		{5F8178CF-A3F0-4B20-A060-D2CDE8784D8B}.Debug|Any CPU.Build.0 = Debug|Any CPU
		{5F8178CF-A3F0-4B20-A060-D2CDE8784D8B}.Release|Any CPU.ActiveCfg = Release|Any CPU
		{5F8178CF-A3F0-4B20-A060-D2CDE8784D8B}.Release|Any CPU.Build.0 = Release|Any CPU
	EndGlobalSection
	GlobalSection(SolutionProperties) = preSolution
		HideSolutionNode = FALSE
	EndGlobalSection
	GlobalSection(ExtensibilityGlobals) = postSolution
		SolutionGuid = {7AD73607-11D0-4A8C-87F3-EC60D24532B2}
	EndGlobalSection
EndGlobal
